
Microsoft Visual Studio Solution File, Format Version 11.00
# Visual Studio 2010
Project("{FAE04EC0-301F-11D3-BF4B-00C04F79EFBC}") = "Assembly-CSharp", "Assembly-CSharp.csproj", "{A165EB7F-DE56-702D-47EC-6EF21F0EEBCC}"
EndProject
Project("{FAE04EC0-301F-11D3-BF4B-00C04F79EFBC}") = "Assembly-CSharp-Editor-firstpass", "Assembly-CSharp-Editor-firstpass.csproj", "{9A2C29D2-1AD3-74EF-0B7F-361842D791E1}"
EndProject
Global
	GlobalSection(SolutionConfigurationPlatforms) = preSolution
		Debug|Any CPU = Debug|Any CPU
		Release|Any CPU = Release|Any CPU
	EndGlobalSection
	GlobalSection(ProjectConfigurationPlatforms) = postSolution
		{A165EB7F-DE56-702D-47EC-6EF21F0EEBCC}.Debug|Any CPU.ActiveCfg = Debug|Any CPU
		{A165EB7F-DE56-702D-47EC-6EF21F0EEBCC}.Debug|Any CPU.Build.0 = Debug|Any CPU
		{A165EB7F-DE56-702D-47EC-6EF21F0EEBCC}.Release|Any CPU.ActiveCfg = Release|Any CPU
		{A165EB7F-DE56-702D-47EC-6EF21F0EEBCC}.Release|Any CPU.Build.0 = Release|Any CPU
		{9A2C29D2-1AD3-74EF-0B7F-361842D791E1}.Debug|Any CPU.ActiveCfg = Debug|Any CPU
		{9A2C29D2-1AD3-74EF-0B7F-361842D791E1}.Debug|Any CPU.Build.0 = Debug|Any CPU
		{9A2C29D2-1AD3-74EF-0B7F-361842D791E1}.Release|Any CPU.ActiveCfg = Release|Any CPU
		{9A2C29D2-1AD3-74EF-0B7F-361842D791E1}.Release|Any CPU.Build.0 = Release|Any CPU
	EndGlobalSection
	GlobalSection(SolutionProperties) = preSolution
		HideSolutionNode = FALSE
	EndGlobalSection
	GlobalSection(MonoDevelopProperties) = preSolution
		StartupItem = Assembly-CSharp.csproj
	EndGlobalSection
EndGlobal
